
Microsoft Visual Studio Solution File, Format Version 12.00
# Visual Studio Version 17
VisualStudioVersion = 17.11.35327.3
MinimumVisualStudioVersion = 10.0.40219.1
Project("{F184B08F-C81C-45F6-A57F-5ABD9991F28F}") = "Problem2-loginSystemErrorhandling", "Problem2-loginSystemErrorhandling\Problem2-loginSystemErrorhandling.vbproj", "{896AD83B-96EF-430E-8A8C-BCFF20713EA4}"
EndProject
Global
	GlobalSection(SolutionConfigurationPlatforms) = preSolution
		Debug|Any CPU = Debug|Any CPU
		Release|Any CPU = Release|Any CPU
	EndGlobalSection
	GlobalSection(ProjectConfigurationPlatforms) = postSolution
		{896AD83B-96EF-430E-8A8C-BCFF20713EA4}.Debug|Any CPU.ActiveCfg = Debug|Any CPU
		{896AD83B-96EF-430E-8A8C-BCFF20713EA4}.Debug|Any CPU.Build.0 = Debug|Any CPU
		{896AD83B-96EF-430E-8A8C-BCFF20713EA4}.Release|Any CPU.ActiveCfg = Release|Any CPU
		{896AD83B-96EF-430E-8A8C-BCFF20713EA4}.Release|Any CPU.Build.0 = Release|Any CPU
	EndGlobalSection
	GlobalSection(SolutionProperties) = preSolution
		HideSolutionNode = FALSE
	EndGlobalSection
	GlobalSection(ExtensibilityGlobals) = postSolution
		SolutionGuid = {075E7627-D48C-4D3B-B574-1E7CF8662F67}
	EndGlobalSection
EndGlobal
